
Microsoft Visual Studio Solution File, Format Version 12.00
# Visual Studio Version 17
VisualStudioVersion = 17.0.32014.148
MinimumVisualStudioVersion = 10.0.40219.1
Project("{9A19103F-16F7-4668-BE54-9A1E7A4F7556}") = "Vjezba.Web", "Vjezba.Web\Vjezba.Web.csproj", "{9543656F-FADA-4C0C-8E99-64BEA88D40EA}"
EndProject
Project("{FAE04EC0-301F-11D3-BF4B-00C04F79EFBC}") = "Vjezba.Model", "Vjezba.Model\Vjezba.Model.csproj", "{89AD6E88-D513-4F63-9B22-70CCE7435E26}"
EndProject
Project("{FAE04EC0-301F-11D3-BF4B-00C04F79EFBC}") = "Vjezba.DAL", "Vjezba.DAL\Vjezba.DAL.csproj", "{0BC0BFD5-03D2-4696-845F-874B1E0D2FFC}"
EndProject
Project("{2150E333-8FDC-42A3-9474-1A3956D46DE8}") = "Solution Items", "Solution Items", "{C771FF49-9D67-4D71-A729-8F924F3BBB62}"
	ProjectSection(SolutionItems) = preProject
		..\.gitignore = ..\.gitignore
	EndProjectSection
EndProject
Global
	GlobalSection(SolutionConfigurationPlatforms) = preSolution
		Debug|Any CPU = Debug|Any CPU
		Release|Any CPU = Release|Any CPU
	EndGlobalSection
	GlobalSection(ProjectConfigurationPlatforms) = postSolution
		{9543656F-FADA-4C0C-8E99-64BEA88D40EA}.Debug|Any CPU.ActiveCfg = Debug|Any CPU
		{9543656F-FADA-4C0C-8E99-64BEA88D40EA}.Debug|Any CPU.Build.0 = Debug|Any CPU
		{9543656F-FADA-4C0C-8E99-64BEA88D40EA}.Release|Any CPU.ActiveCfg = Release|Any CPU
		{9543656F-FADA-4C0C-8E99-64BEA88D40EA}.Release|Any CPU.Build.0 = Release|Any CPU
		{89AD6E88-D513-4F63-9B22-70CCE7435E26}.Debug|Any CPU.ActiveCfg = Debug|Any CPU
		{89AD6E88-D513-4F63-9B22-70CCE7435E26}.Debug|Any CPU.Build.0 = Debug|Any CPU
		{89AD6E88-D513-4F63-9B22-70CCE7435E26}.Release|Any CPU.ActiveCfg = Release|Any CPU
		{89AD6E88-D513-4F63-9B22-70CCE7435E26}.Release|Any CPU.Build.0 = Release|Any CPU
		{0BC0BFD5-03D2-4696-845F-874B1E0D2FFC}.Debug|Any CPU.ActiveCfg = Debug|Any CPU
		{0BC0BFD5-03D2-4696-845F-874B1E0D2FFC}.Debug|Any CPU.Build.0 = Debug|Any CPU
		{0BC0BFD5-03D2-4696-845F-874B1E0D2FFC}.Release|Any CPU.ActiveCfg = Release|Any CPU
		{0BC0BFD5-03D2-4696-845F-874B1E0D2FFC}.Release|Any CPU.Build.0 = Release|Any CPU
	EndGlobalSection
	GlobalSection(SolutionProperties) = preSolution
		HideSolutionNode = FALSE
	EndGlobalSection
	GlobalSection(ExtensibilityGlobals) = postSolution
		SolutionGuid = {80A5E688-78A8-4289-80A0-BF37F6F7DF22}
	EndGlobalSection
EndGlobal
